{
  "name": "ms-db-migration",
  "version": "1.1.1",
  "lockfileVersion": 2,
  "requires": true,
  "packages": {
    "": {
      "name": "ms-db-migration",
      "version": "1.1.1",
      "license": "ISC",
      "dependencies": {
        "mk-dirs": "^3.0.0",
        "postgres": "^3.2.4",
        "totalist": "^2.0.0"
      },
      "engines": {
        "node": ">= 16"
      }
    },
    "node_modules/mk-dirs": {
      "version": "3.0.0",
      "resolved": "https://registry.npmjs.org/mk-dirs/-/mk-dirs-3.0.0.tgz",
      "integrity": "sha512-FEZDdUFb88hgdnsfAPa4VxcPVOd+8GyZ2jsI965im5bjBlBYhrvXuTqLka/UHa6YdUNN/kZBsVgofhZ3322AJw==",
      "engines": {
        "node": ">=6"
      }
    },
    "node_modules/postgres": {
      "version": "3.2.4",
      "resolved": "https://registry.npmjs.org/postgres/-/postgres-3.2.4.tgz",
      "integrity": "sha512-iscysD+ZlM4A9zj0RS2zo3f4Us4yuov94Yx+p3dE1rEARaBHC8R3/gRq40KEnWp1lxjuFq9EjuAenIUsPaTaDA==",
      "funding": {
        "type": "individual",
        "url": "https://github.com/sponsors/porsager"
      }
    },
    "node_modules/totalist": {
      "version": "2.0.0",
      "resolved": "https://registry.npmjs.org/totalist/-/totalist-2.0.0.tgz",
      "integrity": "sha512-+Y17F0YzxfACxTyjfhnJQEe7afPA0GSpYlFkl2VFMxYP7jshQf9gXV7cH47EfToBumFThfKBvfAcoUn6fdNeRQ==",
      "engines": {
        "node": ">=6"
      }
    }
  },
  "dependencies": {
    "mk-dirs": {
      "version": "3.0.0",
      "resolved": "https://registry.npmjs.org/mk-dirs/-/mk-dirs-3.0.0.tgz",
      "integrity": "sha512-FEZDdUFb88hgdnsfAPa4VxcPVOd+8GyZ2jsI965im5bjBlBYhrvXuTqLka/UHa6YdUNN/kZBsVgofhZ3322AJw=="
    },
    "postgres": {
      "version": "3.2.4",
      "resolved": "https://registry.npmjs.org/postgres/-/postgres-3.2.4.tgz",
      "integrity": "sha512-iscysD+ZlM4A9zj0RS2zo3f4Us4yuov94Yx+p3dE1rEARaBHC8R3/gRq40KEnWp1lxjuFq9EjuAenIUsPaTaDA=="
    },
    "totalist": {
      "version": "2.0.0",
      "resolved": "https://registry.npmjs.org/totalist/-/totalist-2.0.0.tgz",
      "integrity": "sha512-+Y17F0YzxfACxTyjfhnJQEe7afPA0GSpYlFkl2VFMxYP7jshQf9gXV7cH47EfToBumFThfKBvfAcoUn6fdNeRQ=="
    }
  }
}
